// !$*UTF8*$!
{
	archiveVersion = 1;
	classes = {
	};
	objectVersion = 46;
	objects = {

/* Begin PBXBuildFile section */
		1B8D99846CE4B55E1CA34ADC /* libPods-InstagramKit.a in Frameworks */ = {isa = PBXBuildFile; fileRef = CAAFACF6E29667CA9EEF7C20 /* libPods-InstagramKit.a */; };
		FC1EB7591EAF3E5B0024D229 /* InstagramKitConstants.m in Sources */ = {isa = PBXBuildFile; fileRef = 8289FCAB1B51C419000903FD /* InstagramKitConstants.m */; };
		FC1EB75A1EAF3E5B0024D229 /* InstagramEngine.m in Sources */ = {isa = PBXBuildFile; fileRef = 8224666B1B4C2FD000F8B5EA /* InstagramEngine.m */; };
		FC1EB75B1EAF3E5B0024D229 /* InstagramComment.m in Sources */ = {isa = PBXBuildFile; fileRef = 8224666F1B4C2FD000F8B5EA /* InstagramComment.m */; };
		FC1EB75C1EAF3E5B0024D229 /* InstagramLocation.m in Sources */ = {isa = PBXBuildFile; fileRef = 822466711B4C2FD000F8B5EA /* InstagramLocation.m */; };
		FC1EB75D1EAF3E5B0024D229 /* InstagramMedia.m in Sources */ = {isa = PBXBuildFile; fileRef = 822466731B4C2FD000F8B5EA /* InstagramMedia.m */; };
		FC1EB75E1EAF3E5B0024D229 /* InstagramModel.m in Sources */ = {isa = PBXBuildFile; fileRef = 822466751B4C2FD000F8B5EA /* InstagramModel.m */; };
		FC1EB75F1EAF3E5B0024D229 /* InstagramPaginationInfo.m in Sources */ = {isa = PBXBuildFile; fileRef = 822466771B4C2FD000F8B5EA /* InstagramPaginationInfo.m */; };
		FC1EB7601EAF3E5B0024D229 /* InstagramTag.m in Sources */ = {isa = PBXBuildFile; fileRef = 822466791B4C2FD000F8B5EA /* InstagramTag.m */; };
		FC1EB7611EAF3E5B0024D229 /* InstagramUser.m in Sources */ = {isa = PBXBuildFile; fileRef = 8224667B1B4C2FD000F8B5EA /* InstagramUser.m */; };
		FC1EB7621EAF3E5B0024D229 /* UserInPhoto.m in Sources */ = {isa = PBXBuildFile; fileRef = 82DC34571C14E76C006AAFE6 /* UserInPhoto.m */; };
		FC1EB7631EAF3EA60024D229 /* InstagramKit.h in Headers */ = {isa = PBXBuildFile; fileRef = 8224666C1B4C2FD000F8B5EA /* InstagramKit.h */; settings = {ATTRIBUTES = (Public, ); }; };
		FC1EB7641EAF3EA60024D229 /* InstagramKitConstants.h in Headers */ = {isa = PBXBuildFile; fileRef = 8289FCAD1B51C42E000903FD /* InstagramKitConstants.h */; settings = {ATTRIBUTES = (Public, ); }; };
		FC1EB7651EAF3EA60024D229 /* InstagramEngine.h in Headers */ = {isa = PBXBuildFile; fileRef = 8224666A1B4C2FD000F8B5EA /* InstagramEngine.h */; settings = {ATTRIBUTES = (Public, ); }; };
		FC1EB7661EAF3EA60024D229 /* InstagramComment.h in Headers */ = {isa = PBXBuildFile; fileRef = 8224666E1B4C2FD000F8B5EA /* InstagramComment.h */; settings = {ATTRIBUTES = (Public, ); }; };
		FC1EB7671EAF3EA60024D229 /* InstagramLocation.h in Headers */ = {isa = PBXBuildFile; fileRef = 822466701B4C2FD000F8B5EA /* InstagramLocation.h */; settings = {ATTRIBUTES = (Public, ); }; };
		FC1EB7681EAF3EA60024D229 /* InstagramMedia.h in Headers */ = {isa = PBXBuildFile; fileRef = 822466721B4C2FD000F8B5EA /* InstagramMedia.h */; settings = {ATTRIBUTES = (Public, ); }; };
		FC1EB7691EAF3EA60024D229 /* InstagramModel.h in Headers */ = {isa = PBXBuildFile; fileRef = 822466741B4C2FD000F8B5EA /* InstagramModel.h */; settings = {ATTRIBUTES = (Public, ); }; };
		FC1EB76A1EAF3EA60024D229 /* InstagramPaginationInfo.h in Headers */ = {isa = PBXBuildFile; fileRef = 822466761B4C2FD000F8B5EA /* InstagramPaginationInfo.h */; settings = {ATTRIBUTES = (Public, ); }; };
		FC1EB76B1EAF3EA60024D229 /* InstagramTag.h in Headers */ = {isa = PBXBuildFile; fileRef = 822466781B4C2FD000F8B5EA /* InstagramTag.h */; settings = {ATTRIBUTES = (Public, ); }; };
		FC1EB76C1EAF3EA60024D229 /* InstagramUser.h in Headers */ = {isa = PBXBuildFile; fileRef = 8224667A1B4C2FD000F8B5EA /* InstagramUser.h */; settings = {ATTRIBUTES = (Public, ); }; };
		FC1EB76D1EAF3EA60024D229 /* UserInPhoto.h in Headers */ = {isa = PBXBuildFile; fileRef = 82DC34561C14E76C006AAFE6 /* UserInPhoto.h */; settings = {ATTRIBUTES = (Public, ); }; };
/* End PBXBuildFile section */

/* Begin PBXFileReference section */
		07BF4E286E290D0B7202F7FF /* Pods-InstagramKit.debug.xcconfig */ = {isa = PBXFileReference; includeInIndex = 1; lastKnownFileType = text.xcconfig; name = "Pods-InstagramKit.debug.xcconfig"; path = "Pods/Target Support Files/Pods-InstagramKit/Pods-InstagramKit.debug.xcconfig"; sourceTree = "<group>"; };
		145EB38F1C91913BF0978870 /* Pods.debug.xcconfig */ = {isa = PBXFileReference; includeInIndex = 1; lastKnownFileType = text.xcconfig; name = Pods.debug.xcconfig; path = "Pods/Target Support Files/Pods/Pods.debug.xcconfig"; sourceTree = "<group>"; };
		22D3CF98EC764B4481277054 /* Pods-InstagramKit.release.xcconfig */ = {isa = PBXFileReference; includeInIndex = 1; lastKnownFileType = text.xcconfig; name = "Pods-InstagramKit.release.xcconfig"; path = "Pods/Target Support Files/Pods-InstagramKit/Pods-InstagramKit.release.xcconfig"; sourceTree = "<group>"; };
		820790821C13315C00934CE9 /* InstagramEngineUserTests.m */ = {isa = PBXFileReference; fileEncoding = 4; lastKnownFileType = sourcecode.c.objc; path = InstagramEngineUserTests.m; sourceTree = "<group>"; };
		820790CB1C13647F00934CE9 /* libAFNetworking.a */ = {isa = PBXFileReference; lastKnownFileType = archive.ar; name = libAFNetworking.a; path = "Pods/../build/Debug-iphoneos/libAFNetworking.a"; sourceTree = "<group>"; };
		8224666A1B4C2FD000F8B5EA /* InstagramEngine.h */ = {isa = PBXFileReference; fileEncoding = 4; lastKnownFileType = sourcecode.c.h; path = InstagramEngine.h; sourceTree = "<group>"; };
		8224666B1B4C2FD000F8B5EA /* InstagramEngine.m */ = {isa = PBXFileReference; fileEncoding = 4; lastKnownFileType = sourcecode.c.objc; path = InstagramEngine.m; sourceTree = "<group>"; };
		8224666C1B4C2FD000F8B5EA /* InstagramKit.h */ = {isa = PBXFileReference; fileEncoding = 4; lastKnownFileType = sourcecode.c.h; path = InstagramKit.h; sourceTree = "<group>"; };
		8224666E1B4C2FD000F8B5EA /* InstagramComment.h */ = {isa = PBXFileReference; fileEncoding = 4; lastKnownFileType = sourcecode.c.h; path = InstagramComment.h; sourceTree = "<group>"; };
		8224666F1B4C2FD000F8B5EA /* InstagramComment.m */ = {isa = PBXFileReference; fileEncoding = 4; lastKnownFileType = sourcecode.c.objc; path = InstagramComment.m; sourceTree = "<group>"; };
		822466701B4C2FD000F8B5EA /* InstagramLocation.h */ = {isa = PBXFileReference; fileEncoding = 4; lastKnownFileType = sourcecode.c.h; path = InstagramLocation.h; sourceTree = "<group>"; };
		822466711B4C2FD000F8B5EA /* InstagramLocation.m */ = {isa = PBXFileReference; fileEncoding = 4; lastKnownFileType = sourcecode.c.objc; path = InstagramLocation.m; sourceTree = "<group>"; };
		822466721B4C2FD000F8B5EA /* InstagramMedia.h */ = {isa = PBXFileReference; fileEncoding = 4; lastKnownFileType = sourcecode.c.h; path = InstagramMedia.h; sourceTree = "<group>"; };
		822466731B4C2FD000F8B5EA /* InstagramMedia.m */ = {isa = PBXFileReference; fileEncoding = 4; lastKnownFileType = sourcecode.c.objc; path = InstagramMedia.m; sourceTree = "<group>"; };
		822466741B4C2FD000F8B5EA /* InstagramModel.h */ = {isa = PBXFileReference; fileEncoding = 4; lastKnownFileType = sourcecode.c.h; path = InstagramModel.h; sourceTree = "<group>"; };
		822466751B4C2FD000F8B5EA /* InstagramModel.m */ = {isa = PBXFileReference; fileEncoding = 4; lastKnownFileType = sourcecode.c.objc; path = InstagramModel.m; sourceTree = "<group>"; };
		822466761B4C2FD000F8B5EA /* InstagramPaginationInfo.h */ = {isa = PBXFileReference; fileEncoding = 4; lastKnownFileType = sourcecode.c.h; path = InstagramPaginationInfo.h; sourceTree = "<group>"; };
		822466771B4C2FD000F8B5EA /* InstagramPaginationInfo.m */ = {isa = PBXFileReference; fileEncoding = 4; lastKnownFileType = sourcecode.c.objc; path = InstagramPaginationInfo.m; sourceTree = "<group>"; };
		822466781B4C2FD000F8B5EA /* InstagramTag.h */ = {isa = PBXFileReference; fileEncoding = 4; lastKnownFileType = sourcecode.c.h; path = InstagramTag.h; sourceTree = "<group>"; };
		822466791B4C2FD000F8B5EA /* InstagramTag.m */ = {isa = PBXFileReference; fileEncoding = 4; lastKnownFileType = sourcecode.c.objc; path = InstagramTag.m; sourceTree = "<group>"; };
		8224667A1B4C2FD000F8B5EA /* InstagramUser.h */ = {isa = PBXFileReference; fileEncoding = 4; lastKnownFileType = sourcecode.c.h; path = InstagramUser.h; sourceTree = "<group>"; };
		8224667B1B4C2FD000F8B5EA /* InstagramUser.m */ = {isa = PBXFileReference; fileEncoding = 4; lastKnownFileType = sourcecode.c.objc; path = InstagramUser.m; sourceTree = "<group>"; };
		8289FCAB1B51C419000903FD /* InstagramKitConstants.m */ = {isa = PBXFileReference; fileEncoding = 4; lastKnownFileType = sourcecode.c.objc; path = InstagramKitConstants.m; sourceTree = "<group>"; };
		8289FCAD1B51C42E000903FD /* InstagramKitConstants.h */ = {isa = PBXFileReference; lastKnownFileType = sourcecode.c.h; path = InstagramKitConstants.h; sourceTree = "<group>"; };
		82C63A1C1C130C2900D4CDDB /* InstagramEngineMediaTests.m */ = {isa = PBXFileReference; fileEncoding = 4; lastKnownFileType = sourcecode.c.objc; path = InstagramEngineMediaTests.m; sourceTree = "<group>"; };
		82C63A1E1C1311BA00D4CDDB /* InstagramKitTestsConstants.h */ = {isa = PBXFileReference; lastKnownFileType = sourcecode.c.h; path = InstagramKitTestsConstants.h; sourceTree = "<group>"; };
		82D75EE51B5BF8000028EA29 /* Info.plist */ = {isa = PBXFileReference; lastKnownFileType = text.plist.xml; path = Info.plist; sourceTree = "<group>"; };
		82D75EE61B5BF8000028EA29 /* InstagramEngineBaseTests.m */ = {isa = PBXFileReference; lastKnownFileType = sourcecode.c.objc; path = InstagramEngineBaseTests.m; sourceTree = "<group>"; };
		82D75EF21B5BFDEF0028EA29 /* libPods-AFNetworking.a */ = {isa = PBXFileReference; lastKnownFileType = archive.ar; name = "libPods-AFNetworking.a"; path = "Pods/../build/Debug-iphoneos/libPods-AFNetworking.a"; sourceTree = "<group>"; };
		82D75EF41B5BFDFA0028EA29 /* libPods.a */ = {isa = PBXFileReference; lastKnownFileType = archive.ar; name = libPods.a; path = "Pods/../build/Debug-iphoneos/libPods.a"; sourceTree = "<group>"; };
		82D75EF61B5BFE0D0028EA29 /* SystemConfiguration.framework */ = {isa = PBXFileReference; lastKnownFileType = wrapper.framework; name = SystemConfiguration.framework; path = System/Library/Frameworks/SystemConfiguration.framework; sourceTree = SDKROOT; };
		82D75EF81B5BFEDF0028EA29 /* CoreGraphics.framework */ = {isa = PBXFileReference; lastKnownFileType = wrapper.framework; name = CoreGraphics.framework; path = System/Library/Frameworks/CoreGraphics.framework; sourceTree = SDKROOT; };
		82D75EFA1B5BFEE40028EA29 /* MobileCoreServices.framework */ = {isa = PBXFileReference; lastKnownFileType = wrapper.framework; name = MobileCoreServices.framework; path = System/Library/Frameworks/MobileCoreServices.framework; sourceTree = SDKROOT; };
		82D75EFC1B5BFEE80028EA29 /* Security.framework */ = {isa = PBXFileReference; lastKnownFileType = wrapper.framework; name = Security.framework; path = System/Library/Frameworks/Security.framework; sourceTree = SDKROOT; };
		82D75F031B5C56C10028EA29 /* InstagramEngine+Internal.h */ = {isa = PBXFileReference; fileEncoding = 4; lastKnownFileType = sourcecode.c.h; path = "InstagramEngine+Internal.h"; sourceTree = "<group>"; };
		82DC34561C14E76C006AAFE6 /* UserInPhoto.h */ = {isa = PBXFileReference; fileEncoding = 4; lastKnownFileType = sourcecode.c.h; path = UserInPhoto.h; sourceTree = "<group>"; };
		82DC34571C14E76C006AAFE6 /* UserInPhoto.m */ = {isa = PBXFileReference; fileEncoding = 4; lastKnownFileType = sourcecode.c.objc; path = UserInPhoto.m; sourceTree = "<group>"; };
		8D71ABA66AA07709C96A1148 /* libPods.a */ = {isa = PBXFileReference; explicitFileType = archive.ar; includeInIndex = 0; path = libPods.a; sourceTree = BUILT_PRODUCTS_DIR; };
		97786C3816D8FB7FC927A54D /* Pods-InstagramKitTests.release.xcconfig */ = {isa = PBXFileReference; includeInIndex = 1; lastKnownFileType = text.xcconfig; name = "Pods-InstagramKitTests.release.xcconfig"; path = "Pods/Target Support Files/Pods-InstagramKitTests/Pods-InstagramKitTests.release.xcconfig"; sourceTree = "<group>"; };
		9D2946244A61A5A59338E308 /* libPods-InstagramKitTests.a */ = {isa = PBXFileReference; explicitFileType = archive.ar; includeInIndex = 0; path = "libPods-InstagramKitTests.a"; sourceTree = BUILT_PRODUCTS_DIR; };
		A62AD4BB7D5AE07DF04ACAD7 /* Pods.release.xcconfig */ = {isa = PBXFileReference; includeInIndex = 1; lastKnownFileType = text.xcconfig; name = Pods.release.xcconfig; path = "Pods/Target Support Files/Pods/Pods.release.xcconfig"; sourceTree = "<group>"; };
		CAAFACF6E29667CA9EEF7C20 /* libPods-InstagramKit.a */ = {isa = PBXFileReference; explicitFileType = archive.ar; includeInIndex = 0; path = "libPods-InstagramKit.a"; sourceTree = BUILT_PRODUCTS_DIR; };
		F8B4016FCF5B719920CBE29E /* Pods-InstagramKitTests.debug.xcconfig */ = {isa = PBXFileReference; includeInIndex = 1; lastKnownFileType = text.xcconfig; name = "Pods-InstagramKitTests.debug.xcconfig"; path = "Pods/Target Support Files/Pods-InstagramKitTests/Pods-InstagramKitTests.debug.xcconfig"; sourceTree = "<group>"; };
		FC1EB7511EAF3E4D0024D229 /* InstagramKit.framework */ = {isa = PBXFileReference; explicitFileType = wrapper.framework; includeInIndex = 0; path = InstagramKit.framework; sourceTree = BUILT_PRODUCTS_DIR; };
		FC1EB7541EAF3E4D0024D229 /* Info.plist */ = {isa = PBXFileReference; lastKnownFileType = text.plist.xml; path = Info.plist; sourceTree = "<group>"; };
/* End PBXFileReference section */

/* Begin PBXFrameworksBuildPhase section */
		FC1EB74D1EAF3E4D0024D229 /* Frameworks */ = {
			isa = PBXFrameworksBuildPhase;
			buildActionMask = 2147483647;
			files = (
				1B8D99846CE4B55E1CA34ADC /* libPods-InstagramKit.a in Frameworks */,
			);
			runOnlyForDeploymentPostprocessing = 0;
		};
/* End PBXFrameworksBuildPhase section */

/* Begin PBXGroup section */
		61AE4BABF7E3863CA217EAEF /* Pods */ = {
			isa = PBXGroup;
			children = (
				07BF4E286E290D0B7202F7FF /* Pods-InstagramKit.debug.xcconfig */,
				22D3CF98EC764B4481277054 /* Pods-InstagramKit.release.xcconfig */,
				145EB38F1C91913BF0978870 /* Pods.debug.xcconfig */,
				A62AD4BB7D5AE07DF04ACAD7 /* Pods.release.xcconfig */,
				F8B4016FCF5B719920CBE29E /* Pods-InstagramKitTests.debug.xcconfig */,
				97786C3816D8FB7FC927A54D /* Pods-InstagramKitTests.release.xcconfig */,
			);
			name = Pods;
			sourceTree = "<group>";
		};
		822466461B4C2D8A00F8B5EA = {
			isa = PBXGroup;
			children = (
				822466511B4C2D8A00F8B5EA /* InstagramKit */,
				82D75EE31B5BF8000028EA29 /* InstagramKitTests */,
				822466501B4C2D8A00F8B5EA /* Products */,
				61AE4BABF7E3863CA217EAEF /* Pods */,
				B7153832B971838CED8AEC18 /* Frameworks */,
			);
			sourceTree = "<group>";
		};
		822466501B4C2D8A00F8B5EA /* Products */ = {
			isa = PBXGroup;
			children = (
				FC1EB7511EAF3E4D0024D229 /* InstagramKit.framework */,
			);
			name = Products;
			sourceTree = "<group>";
		};
		822466511B4C2D8A00F8B5EA /* InstagramKit */ = {
			isa = PBXGroup;
			children = (
				FC1EB7541EAF3E4D0024D229 /* Info.plist */,
				8224666C1B4C2FD000F8B5EA /* InstagramKit.h */,
				8289FCAD1B51C42E000903FD /* InstagramKitConstants.h */,
				8289FCAB1B51C419000903FD /* InstagramKitConstants.m */,
				822466691B4C2FD000F8B5EA /* Engine */,
				8224666D1B4C2FD000F8B5EA /* Models */,
			);
			path = InstagramKit;
			sourceTree = "<group>";
		};
		822466691B4C2FD000F8B5EA /* Engine */ = {
			isa = PBXGroup;
			children = (
				8224666A1B4C2FD000F8B5EA /* InstagramEngine.h */,
				8224666B1B4C2FD000F8B5EA /* InstagramEngine.m */,
			);
			path = Engine;
			sourceTree = "<group>";
		};
		8224666D1B4C2FD000F8B5EA /* Models */ = {
			isa = PBXGroup;
			children = (
				8224666E1B4C2FD000F8B5EA /* InstagramComment.h */,
				8224666F1B4C2FD000F8B5EA /* InstagramComment.m */,
				822466701B4C2FD000F8B5EA /* InstagramLocation.h */,
				822466711B4C2FD000F8B5EA /* InstagramLocation.m */,
				822466721B4C2FD000F8B5EA /* InstagramMedia.h */,
				822466731B4C2FD000F8B5EA /* InstagramMedia.m */,
				822466741B4C2FD000F8B5EA /* InstagramModel.h */,
				822466751B4C2FD000F8B5EA /* InstagramModel.m */,
				822466761B4C2FD000F8B5EA /* InstagramPaginationInfo.h */,
				822466771B4C2FD000F8B5EA /* InstagramPaginationInfo.m */,
				822466781B4C2FD000F8B5EA /* InstagramTag.h */,
				822466791B4C2FD000F8B5EA /* InstagramTag.m */,
				8224667A1B4C2FD000F8B5EA /* InstagramUser.h */,
				8224667B1B4C2FD000F8B5EA /* InstagramUser.m */,
				82DC34561C14E76C006AAFE6 /* UserInPhoto.h */,
				82DC34571C14E76C006AAFE6 /* UserInPhoto.m */,
			);
			path = Models;
			sourceTree = "<group>";
		};
		82D75EE31B5BF8000028EA29 /* InstagramKitTests */ = {
			isa = PBXGroup;
			children = (
				82C63A1E1C1311BA00D4CDDB /* InstagramKitTestsConstants.h */,
				82D75EE61B5BF8000028EA29 /* InstagramEngineBaseTests.m */,
				82C63A1C1C130C2900D4CDDB /* InstagramEngineMediaTests.m */,
				820790821C13315C00934CE9 /* InstagramEngineUserTests.m */,
				82D75F021B5C56C10028EA29 /* Categories */,
				82D75EE41B5BF8000028EA29 /* Supporting Files */,
			);
			path = InstagramKitTests;
			sourceTree = "<group>";
		};
		82D75EE41B5BF8000028EA29 /* Supporting Files */ = {
			isa = PBXGroup;
			children = (
				82D75EE51B5BF8000028EA29 /* Info.plist */,
			);
			name = "Supporting Files";
			sourceTree = "<group>";
		};
		82D75F021B5C56C10028EA29 /* Categories */ = {
			isa = PBXGroup;
			children = (
				82D75F031B5C56C10028EA29 /* InstagramEngine+Internal.h */,
			);
			path = Categories;
			sourceTree = "<group>";
		};
		B7153832B971838CED8AEC18 /* Frameworks */ = {
			isa = PBXGroup;
			children = (
				820790CB1C13647F00934CE9 /* libAFNetworking.a */,
				82D75EFC1B5BFEE80028EA29 /* Security.framework */,
				82D75EFA1B5BFEE40028EA29 /* MobileCoreServices.framework */,
				82D75EF81B5BFEDF0028EA29 /* CoreGraphics.framework */,
				82D75EF61B5BFE0D0028EA29 /* SystemConfiguration.framework */,
				82D75EF41B5BFDFA0028EA29 /* libPods.a */,
				82D75EF21B5BFDEF0028EA29 /* libPods-AFNetworking.a */,
				CAAFACF6E29667CA9EEF7C20 /* libPods-InstagramKit.a */,
				8D71ABA66AA07709C96A1148 /* libPods.a */,
				9D2946244A61A5A59338E308 /* libPods-InstagramKitTests.a */,
			);
			name = Frameworks;
			sourceTree = "<group>";
		};
/* End PBXGroup section */

/* Begin PBXHeadersBuildPhase section */
		FC1EB74E1EAF3E4D0024D229 /* Headers */ = {
			isa = PBXHeadersBuildPhase;
			buildActionMask = 2147483647;
			files = (
				FC1EB7631EAF3EA60024D229 /* InstagramKit.h in Headers */,
				FC1EB7641EAF3EA60024D229 /* InstagramKitConstants.h in Headers */,
				FC1EB7651EAF3EA60024D229 /* InstagramEngine.h in Headers */,
				FC1EB7661EAF3EA60024D229 /* InstagramComment.h in Headers */,
				FC1EB7671EAF3EA60024D229 /* InstagramLocation.h in Headers */,
				FC1EB7681EAF3EA60024D229 /* InstagramMedia.h in Headers */,
				FC1EB7691EAF3EA60024D229 /* InstagramModel.h in Headers */,
				FC1EB76A1EAF3EA60024D229 /* InstagramPaginationInfo.h in Headers */,
				FC1EB76B1EAF3EA60024D229 /* InstagramTag.h in Headers */,
				FC1EB76C1EAF3EA60024D229 /* InstagramUser.h in Headers */,
				FC1EB76D1EAF3EA60024D229 /* UserInPhoto.h in Headers */,
			);
			runOnlyForDeploymentPostprocessing = 0;
		};
/* End PBXHeadersBuildPhase section */

/* Begin PBXNativeTarget section */
		FC1EB7501EAF3E4D0024D229 /* InstagramKit */ = {
			isa = PBXNativeTarget;
			buildConfigurationList = FC1EB7561EAF3E4D0024D229 /* Build configuration list for PBXNativeTarget "InstagramKit" */;
			buildPhases = (
				680126132D062168DCE5390E /* [CP] Check Pods Manifest.lock */,
				FC1EB74C1EAF3E4D0024D229 /* Sources */,
				FC1EB74D1EAF3E4D0024D229 /* Frameworks */,
				FC1EB74E1EAF3E4D0024D229 /* Headers */,
				FC1EB74F1EAF3E4D0024D229 /* Resources */,
				54A97B8FD527B30618DDB489 /* [CP] Copy Pods Resources */,
			);
			buildRules = (
			);
			dependencies = (
			);
			name = InstagramKit;
			productName = InstagramKit;
			productReference = FC1EB7511EAF3E4D0024D229 /* InstagramKit.framework */;
			productType = "com.apple.product-type.framework";
		};
/* End PBXNativeTarget section */

/* Begin PBXProject section */
		822466471B4C2D8A00F8B5EA /* Project object */ = {
			isa = PBXProject;
			attributes = {
				LastUpgradeCheck = 0710;
				ORGANIZATIONNAME = InstagramKit;
				TargetAttributes = {
					FC1EB7501EAF3E4D0024D229 = {
						CreatedOnToolsVersion = 8.3.2;
						ProvisioningStyle = Automatic;
					};
				};
			};
			buildConfigurationList = 8224664A1B4C2D8A00F8B5EA /* Build configuration list for PBXProject "InstagramKit" */;
			compatibilityVersion = "Xcode 3.2";
			developmentRegion = English;
			hasScannedForEncodings = 0;
			knownRegions = (
				en,
			);
			mainGroup = 822466461B4C2D8A00F8B5EA;
			productRefGroup = 822466501B4C2D8A00F8B5EA /* Products */;
			projectDirPath = "";
			projectRoot = "";
			targets = (
				FC1EB7501EAF3E4D0024D229 /* InstagramKit */,
			);
		};
/* End PBXProject section */

/* Begin PBXResourcesBuildPhase section */
		FC1EB74F1EAF3E4D0024D229 /* Resources */ = {
			isa = PBXResourcesBuildPhase;
			buildActionMask = 2147483647;
			files = (
			);
			runOnlyForDeploymentPostprocessing = 0;
		};
/* End PBXResourcesBuildPhase section */

/* Begin PBXShellScriptBuildPhase section */
		54A97B8FD527B30618DDB489 /* [CP] Copy Pods Resources */ = {
			isa = PBXShellScriptBuildPhase;
			buildActionMask = 2147483647;
			files = (
			);
			inputPaths = (
			);
			name = "[CP] Copy Pods Resources";
			outputPaths = (
			);
			runOnlyForDeploymentPostprocessing = 0;
			shellPath = /bin/sh;
			shellScript = "\"${SRCROOT}/Pods/Target Support Files/Pods-InstagramKit/Pods-InstagramKit-resources.sh\"\n";
			showEnvVarsInLog = 0;
		};
		680126132D062168DCE5390E /* [CP] Check Pods Manifest.lock */ = {
			isa = PBXShellScriptBuildPhase;
			buildActionMask = 2147483647;
			files = (
			);
			inputPaths = (
			);
			name = "[CP] Check Pods Manifest.lock";
			outputPaths = (
			);
			runOnlyForDeploymentPostprocessing = 0;
			shellPath = /bin/sh;
			shellScript = "diff \"${PODS_PODFILE_DIR_PATH}/Podfile.lock\" \"${PODS_ROOT}/Manifest.lock\" > /dev/null\nif [ $? != 0 ] ; then\n    # print error to STDERR\n    echo \"error: The sandbox is not in sync with the Podfile.lock. Run 'pod install' or update your CocoaPods installation.\" >&2\n    exit 1\nfi\n";
			showEnvVarsInLog = 0;
		};
/* End PBXShellScriptBuildPhase section */

/* Begin PBXSourcesBuildPhase section */
		FC1EB74C1EAF3E4D0024D229 /* Sources */ = {
			isa = PBXSourcesBuildPhase;
			buildActionMask = 2147483647;
			files = (
				FC1EB7591EAF3E5B0024D229 /* InstagramKitConstants.m in Sources */,
				FC1EB75A1EAF3E5B0024D229 /* InstagramEngine.m in Sources */,
				FC1EB75B1EAF3E5B0024D229 /* InstagramComment.m in Sources */,
				FC1EB75C1EAF3E5B0024D229 /* InstagramLocation.m in Sources */,
				FC1EB75D1EAF3E5B0024D229 /* InstagramMedia.m in Sources */,
				FC1EB75E1EAF3E5B0024D229 /* InstagramModel.m in Sources */,
				FC1EB75F1EAF3E5B0024D229 /* InstagramPaginationInfo.m in Sources */,
				FC1EB7601EAF3E5B0024D229 /* InstagramTag.m in Sources */,
				FC1EB7611EAF3E5B0024D229 /* InstagramUser.m in Sources */,
				FC1EB7621EAF3E5B0024D229 /* UserInPhoto.m in Sources */,
			);
			runOnlyForDeploymentPostprocessing = 0;
		};
/* End PBXSourcesBuildPhase section */

/* Begin XCBuildConfiguration section */
		822466611B4C2D8A00F8B5EA /* Debug */ = {
			isa = XCBuildConfiguration;
			buildSettings = {
				ALWAYS_SEARCH_USER_PATHS = NO;
				CLANG_CXX_LANGUAGE_STANDARD = "gnu++0x";
				CLANG_CXX_LIBRARY = "libc++";
				CLANG_ENABLE_MODULES = YES;
				CLANG_ENABLE_OBJC_ARC = YES;
				CLANG_WARN_BOOL_CONVERSION = YES;
				CLANG_WARN_CONSTANT_CONVERSION = YES;
				CLANG_WARN_DIRECT_OBJC_ISA_USAGE = YES_ERROR;
				CLANG_WARN_EMPTY_BODY = YES;
				CLANG_WARN_ENUM_CONVERSION = YES;
				CLANG_WARN_INT_CONVERSION = YES;
				CLANG_WARN_OBJC_ROOT_CLASS = YES_ERROR;
				CLANG_WARN_UNREACHABLE_CODE = YES;
				CLANG_WARN__DUPLICATE_METHOD_MATCH = YES;
				COPY_PHASE_STRIP = NO;
				DEBUG_INFORMATION_FORMAT = "dwarf-with-dsym";
				ENABLE_STRICT_OBJC_MSGSEND = YES;
				ENABLE_TESTABILITY = YES;
				GCC_C_LANGUAGE_STANDARD = gnu99;
				GCC_DYNAMIC_NO_PIC = NO;
				GCC_NO_COMMON_BLOCKS = YES;
				GCC_OPTIMIZATION_LEVEL = 0;
				GCC_PREPROCESSOR_DEFINITIONS = (
					"DEBUG=1",
					"$(inherited)",
				);
				GCC_SYMBOLS_PRIVATE_EXTERN = NO;
				GCC_WARN_64_TO_32_BIT_CONVERSION = YES;
				GCC_WARN_ABOUT_RETURN_TYPE = YES_ERROR;
				GCC_WARN_UNDECLARED_SELECTOR = YES;
				GCC_WARN_UNINITIALIZED_AUTOS = YES_AGGRESSIVE;
				GCC_WARN_UNUSED_FUNCTION = YES;
				GCC_WARN_UNUSED_VARIABLE = YES;
				IPHONEOS_DEPLOYMENT_TARGET = 7.0;
				MTL_ENABLE_DEBUG_INFO = YES;
				ONLY_ACTIVE_ARCH = YES;
				SDKROOT = iphoneos;
			};
			name = Debug;
		};
		822466621B4C2D8A00F8B5EA /* Release */ = {
			isa = XCBuildConfiguration;
			buildSettings = {
				ALWAYS_SEARCH_USER_PATHS = NO;
				CLANG_CXX_LANGUAGE_STANDARD = "gnu++0x";
				CLANG_CXX_LIBRARY = "libc++";
				CLANG_ENABLE_MODULES = YES;
				CLANG_ENABLE_OBJC_ARC = YES;
				CLANG_WARN_BOOL_CONVERSION = YES;
				CLANG_WARN_CONSTANT_CONVERSION = YES;
				CLANG_WARN_DIRECT_OBJC_ISA_USAGE = YES_ERROR;
				CLANG_WARN_EMPTY_BODY = YES;
				CLANG_WARN_ENUM_CONVERSION = YES;
				CLANG_WARN_INT_CONVERSION = YES;
				CLANG_WARN_OBJC_ROOT_CLASS = YES_ERROR;
				CLANG_WARN_UNREACHABLE_CODE = YES;
				CLANG_WARN__DUPLICATE_METHOD_MATCH = YES;
				COPY_PHASE_STRIP = NO;
				DEBUG_INFORMATION_FORMAT = "dwarf-with-dsym";
				ENABLE_NS_ASSERTIONS = NO;
				ENABLE_STRICT_OBJC_MSGSEND = YES;
				GCC_C_LANGUAGE_STANDARD = gnu99;
				GCC_NO_COMMON_BLOCKS = YES;
				GCC_WARN_64_TO_32_BIT_CONVERSION = YES;
				GCC_WARN_ABOUT_RETURN_TYPE = YES_ERROR;
				GCC_WARN_UNDECLARED_SELECTOR = YES;
				GCC_WARN_UNINITIALIZED_AUTOS = YES_AGGRESSIVE;
				GCC_WARN_UNUSED_FUNCTION = YES;
				GCC_WARN_UNUSED_VARIABLE = YES;
				IPHONEOS_DEPLOYMENT_TARGET = 7.0;
				MTL_ENABLE_DEBUG_INFO = NO;
				SDKROOT = iphoneos;
				VALIDATE_PRODUCT = YES;
			};
			name = Release;
		};
		FC1EB7571EAF3E4D0024D229 /* Debug */ = {
			isa = XCBuildConfiguration;
			baseConfigurationReference = 07BF4E286E290D0B7202F7FF /* Pods-InstagramKit.debug.xcconfig */;
			buildSettings = {
				CLANG_ANALYZER_NONNULL = YES;
				CLANG_ANALYZER_NUMBER_OBJECT_CONVERSION = YES_AGGRESSIVE;
				CLANG_WARN_DOCUMENTATION_COMMENTS = YES;
				CLANG_WARN_INFINITE_RECURSION = YES;
				CLANG_WARN_SUSPICIOUS_MOVE = YES;
				CODE_SIGN_IDENTITY = "";
				"CODE_SIGN_IDENTITY[sdk=iphoneos*]" = "iPhone Developer";
				CURRENT_PROJECT_VERSION = 1;
				DEBUG_INFORMATION_FORMAT = dwarf;
				DEFINES_MODULE = YES;
				DYLIB_COMPATIBILITY_VERSION = 1;
				DYLIB_CURRENT_VERSION = 1;
				DYLIB_INSTALL_NAME_BASE = "@rpath";
				INFOPLIST_FILE = InstagramKit/Info.plist;
				INSTALL_PATH = "$(LOCAL_LIBRARY_DIR)/Frameworks";
				IPHONEOS_DEPLOYMENT_TARGET = 10.3;
				LD_RUNPATH_SEARCH_PATHS = "$(inherited) @executable_path/Frameworks @loader_path/Frameworks";
				PRODUCT_BUNDLE_IDENTIFIER = "Future-Entertainment-Co.Ltd..InstagramKit";
				PRODUCT_NAME = "$(TARGET_NAME)";
				SKIP_INSTALL = YES;
				TARGETED_DEVICE_FAMILY = "1,2";
				VERSIONING_SYSTEM = "apple-generic";
				VERSION_INFO_PREFIX = "";
			};
			name = Debug;
		};
		FC1EB7581EAF3E4D0024D229 /* Release */ = {
			isa = XCBuildConfiguration;
			baseConfigurationReference = 22D3CF98EC764B4481277054 /* Pods-InstagramKit.release.xcconfig */;
			buildSettings = {
				CLANG_ANALYZER_NONNULL = YES;
				CLANG_ANALYZER_NUMBER_OBJECT_CONVERSION = YES_AGGRESSIVE;
				CLANG_WARN_DOCUMENTATION_COMMENTS = YES;
				CLANG_WARN_INFINITE_RECURSION = YES;
				CLANG_WARN_SUSPICIOUS_MOVE = YES;
				CODE_SIGN_IDENTITY = "";
				"CODE_SIGN_IDENTITY[sdk=iphoneos*]" = "iPhone Developer";
				CURRENT_PROJECT_VERSION = 1;
				DEFINES_MODULE = YES;
				DYLIB_COMPATIBILITY_VERSION = 1;
				DYLIB_CURRENT_VERSION = 1;
				DYLIB_INSTALL_NAME_BASE = "@rpath";
				INFOPLIST_FILE = InstagramKit/Info.plist;
				INSTALL_PATH = "$(LOCAL_LIBRARY_DIR)/Frameworks";
				IPHONEOS_DEPLOYMENT_TARGET = 10.3;
				LD_RUNPATH_SEARCH_PATHS = "$(inherited) @executable_path/Frameworks @loader_path/Frameworks";
				PRODUCT_BUNDLE_IDENTIFIER = "Future-Entertainment-Co.Ltd..InstagramKit";
				PRODUCT_NAME = "$(TARGET_NAME)";
				SKIP_INSTALL = YES;
				TARGETED_DEVICE_FAMILY = "1,2";
				VERSIONING_SYSTEM = "apple-generic";
				VERSION_INFO_PREFIX = "";
			};
			name = Release;
		};
/* End XCBuildConfiguration section */

/* Begin XCConfigurationList section */
		8224664A1B4C2D8A00F8B5EA /* Build configuration list for PBXProject "InstagramKit" */ = {
			isa = XCConfigurationList;
			buildConfigurations = (
				822466611B4C2D8A00F8B5EA /* Debug */,
				822466621B4C2D8A00F8B5EA /* Release */,
			);
			defaultConfigurationIsVisible = 0;
			defaultConfigurationName = Release;
		};
		FC1EB7561EAF3E4D0024D229 /* Build configuration list for PBXNativeTarget "InstagramKit" */ = {
			isa = XCConfigurationList;
			buildConfigurations = (
				FC1EB7571EAF3E4D0024D229 /* Debug */,
				FC1EB7581EAF3E4D0024D229 /* Release */,
			);
			defaultConfigurationIsVisible = 0;
			defaultConfigurationName = Release;
		};
/* End XCConfigurationList section */
	};
	rootObject = 822466471B4C2D8A00F8B5EA /* Project object */;
}
